
Microsoft Visual Studio Solution File, Format Version 12.00
# Visual Studio 15
Project("{FAE04EC0-301F-11D3-BF4B-00C04F79EFBC}") = "Assembly-CSharp", "Assembly-CSharp.csproj", "{EA7CEE66-F9F5-65F1-E8AD-CFF0DC9B9BF3}"
EndProject
Project("{FAE04EC0-301F-11D3-BF4B-00C04F79EFBC}") = "Assembly-CSharp-firstpass", "Assembly-CSharp-firstpass.csproj", "{6BAEA331-B161-0769-B908-DD2383E3A660}"
EndProject
Global
	GlobalSection(SolutionConfigurationPlatforms) = preSolution
		Debug|Any CPU = Debug|Any CPU
		Release|Any CPU = Release|Any CPU
	EndGlobalSection
	GlobalSection(ProjectConfigurationPlatforms) = postSolution
		{EA7CEE66-F9F5-65F1-E8AD-CFF0DC9B9BF3}.Debug|Any CPU.ActiveCfg = Debug|Any CPU
		{EA7CEE66-F9F5-65F1-E8AD-CFF0DC9B9BF3}.Debug|Any CPU.Build.0 = Debug|Any CPU
		{EA7CEE66-F9F5-65F1-E8AD-CFF0DC9B9BF3}.Release|Any CPU.ActiveCfg = Release|Any CPU
		{EA7CEE66-F9F5-65F1-E8AD-CFF0DC9B9BF3}.Release|Any CPU.Build.0 = Release|Any CPU
		{6BAEA331-B161-0769-B908-DD2383E3A660}.Debug|Any CPU.ActiveCfg = Debug|Any CPU
		{6BAEA331-B161-0769-B908-DD2383E3A660}.Debug|Any CPU.Build.0 = Debug|Any CPU
		{6BAEA331-B161-0769-B908-DD2383E3A660}.Release|Any CPU.ActiveCfg = Release|Any CPU
		{6BAEA331-B161-0769-B908-DD2383E3A660}.Release|Any CPU.Build.0 = Release|Any CPU
	EndGlobalSection
	GlobalSection(SolutionProperties) = preSolution
		HideSolutionNode = FALSE
	EndGlobalSection
EndGlobal
